// !$*UTF8*$!
{
	archiveVersion = 1;
	classes = {
	};
	objectVersion = 46;
	objects = {

/* Begin PBXBuildFile section */
		659B968B15E8A3BD00A3422B /* UIKit.framework in Frameworks */ = {isa = PBXBuildFile; fileRef = 659B968A15E8A3BD00A3422B /* UIKit.framework */; };
		659B968D15E8A3BD00A3422B /* Foundation.framework in Frameworks */ = {isa = PBXBuildFile; fileRef = 659B968C15E8A3BD00A3422B /* Foundation.framework */; };
		659B968F15E8A3BD00A3422B /* CoreGraphics.framework in Frameworks */ = {isa = PBXBuildFile; fileRef = 659B968E15E8A3BD00A3422B /* CoreGraphics.framework */; };
		659B969715E8A3BD00A3422B /* main.m in Sources */ = {isa = PBXBuildFile; fileRef = 659B969615E8A3BD00A3422B /* main.m */; };
		659B969B15E8A3BD00A3422B /* CKAppDelegate.m in Sources */ = {isa = PBXBuildFile; fileRef = 659B969A15E8A3BD00A3422B /* CKAppDelegate.m */; };
		659B96A715E8A4BC00A3422B /* TestViewController.m in Sources */ = {isa = PBXBuildFile; fileRef = 659B96A615E8A4BC00A3422B /* TestViewController.m */; };
		659B96AB15E8A82C00A3422B /* CKUnretainedTimer.m in Sources */ = {isa = PBXBuildFile; fileRef = 659B96AA15E8A82C00A3422B /* CKUnretainedTimer.m */; };
/* End PBXBuildFile section */

/* Begin PBXFileReference section */
		659B968615E8A3BD00A3422B /* CKUnretainedTimerDemo.app */ = {isa = PBXFileReference; explicitFileType = wrapper.application; includeInIndex = 0; path = CKUnretainedTimerDemo.app; sourceTree = BUILT_PRODUCTS_DIR; };
		659B968A15E8A3BD00A3422B /* UIKit.framework */ = {isa = PBXFileReference; lastKnownFileType = wrapper.framework; name = UIKit.framework; path = System/Library/Frameworks/UIKit.framework; sourceTree = SDKROOT; };
		659B968C15E8A3BD00A3422B /* Foundation.framework */ = {isa = PBXFileReference; lastKnownFileType = wrapper.framework; name = Foundation.framework; path = System/Library/Frameworks/Foundation.framework; sourceTree = SDKROOT; };
		659B968E15E8A3BD00A3422B /* CoreGraphics.framework */ = {isa = PBXFileReference; lastKnownFileType = wrapper.framework; name = CoreGraphics.framework; path = System/Library/Frameworks/CoreGraphics.framework; sourceTree = SDKROOT; };
		659B969215E8A3BD00A3422B /* CKUnretainedTimerDemo-Info.plist */ = {isa = PBXFileReference; lastKnownFileType = text.plist.xml; path = "CKUnretainedTimerDemo-Info.plist"; sourceTree = "<group>"; };
		659B969615E8A3BD00A3422B /* main.m */ = {isa = PBXFileReference; lastKnownFileType = sourcecode.c.objc; path = main.m; sourceTree = "<group>"; };
		659B969815E8A3BD00A3422B /* CKUnretainedTimerDemo-Prefix.pch */ = {isa = PBXFileReference; lastKnownFileType = sourcecode.c.h; path = "CKUnretainedTimerDemo-Prefix.pch"; sourceTree = "<group>"; };
		659B969915E8A3BD00A3422B /* CKAppDelegate.h */ = {isa = PBXFileReference; lastKnownFileType = sourcecode.c.h; path = CKAppDelegate.h; sourceTree = "<group>"; };
		659B969A15E8A3BD00A3422B /* CKAppDelegate.m */ = {isa = PBXFileReference; lastKnownFileType = sourcecode.c.objc; path = CKAppDelegate.m; sourceTree = "<group>"; };
		659B96A515E8A4BC00A3422B /* TestViewController.h */ = {isa = PBXFileReference; fileEncoding = 4; lastKnownFileType = sourcecode.c.h; path = TestViewController.h; sourceTree = "<group>"; };
		659B96A615E8A4BC00A3422B /* TestViewController.m */ = {isa = PBXFileReference; fileEncoding = 4; lastKnownFileType = sourcecode.c.objc; path = TestViewController.m; sourceTree = "<group>"; };
		659B96A915E8A82C00A3422B /* CKUnretainedTimer.h */ = {isa = PBXFileReference; fileEncoding = 4; lastKnownFileType = sourcecode.c.h; path = CKUnretainedTimer.h; sourceTree = "<group>"; };
		659B96AA15E8A82C00A3422B /* CKUnretainedTimer.m */ = {isa = PBXFileReference; fileEncoding = 4; lastKnownFileType = sourcecode.c.objc; path = CKUnretainedTimer.m; sourceTree = "<group>"; };
/* End PBXFileReference section */

/* Begin PBXFrameworksBuildPhase section */
		659B968315E8A3BD00A3422B /* Frameworks */ = {
			isa = PBXFrameworksBuildPhase;
			buildActionMask = 2147483647;
			files = (
				659B968B15E8A3BD00A3422B /* UIKit.framework in Frameworks */,
				659B968D15E8A3BD00A3422B /* Foundation.framework in Frameworks */,
				659B968F15E8A3BD00A3422B /* CoreGraphics.framework in Frameworks */,
			);
			runOnlyForDeploymentPostprocessing = 0;
		};
/* End PBXFrameworksBuildPhase section */

/* Begin PBXGroup section */
		659B967B15E8A3BD00A3422B = {
			isa = PBXGroup;
			children = (
				659B96A815E8A82C00A3422B /* CKUnretainedTimer */,
				659B969015E8A3BD00A3422B /* CKUnretainedTimerDemo */,
				659B968915E8A3BD00A3422B /* Frameworks */,
				659B968715E8A3BD00A3422B /* Products */,
			);
			sourceTree = "<group>";
		};
		659B968715E8A3BD00A3422B /* Products */ = {
			isa = PBXGroup;
			children = (
				659B968615E8A3BD00A3422B /* CKUnretainedTimerDemo.app */,
			);
			name = Products;
			sourceTree = "<group>";
		};
		659B968915E8A3BD00A3422B /* Frameworks */ = {
			isa = PBXGroup;
			children = (
				659B968A15E8A3BD00A3422B /* UIKit.framework */,
				659B968C15E8A3BD00A3422B /* Foundation.framework */,
				659B968E15E8A3BD00A3422B /* CoreGraphics.framework */,
			);
			name = Frameworks;
			sourceTree = "<group>";
		};
		659B969015E8A3BD00A3422B /* CKUnretainedTimerDemo */ = {
			isa = PBXGroup;
			children = (
				659B969915E8A3BD00A3422B /* CKAppDelegate.h */,
				659B969A15E8A3BD00A3422B /* CKAppDelegate.m */,
				659B96A515E8A4BC00A3422B /* TestViewController.h */,
				659B96A615E8A4BC00A3422B /* TestViewController.m */,
				659B969115E8A3BD00A3422B /* Supporting Files */,
			);
			path = CKUnretainedTimerDemo;
			sourceTree = "<group>";
		};
		659B969115E8A3BD00A3422B /* Supporting Files */ = {
			isa = PBXGroup;
			children = (
				659B969215E8A3BD00A3422B /* CKUnretainedTimerDemo-Info.plist */,
				659B969615E8A3BD00A3422B /* main.m */,
				659B969815E8A3BD00A3422B /* CKUnretainedTimerDemo-Prefix.pch */,
			);
			name = "Supporting Files";
			sourceTree = "<group>";
		};
		659B96A815E8A82C00A3422B /* CKUnretainedTimer */ = {
			isa = PBXGroup;
			children = (
				659B96A915E8A82C00A3422B /* CKUnretainedTimer.h */,
				659B96AA15E8A82C00A3422B /* CKUnretainedTimer.m */,
			);
			name = CKUnretainedTimer;
			path = ../CKUnretainedTimer;
			sourceTree = "<group>";
		};
/* End PBXGroup section */

/* Begin PBXNativeTarget section */
		659B968515E8A3BD00A3422B /* CKUnretainedTimerDemo */ = {
			isa = PBXNativeTarget;
			buildConfigurationList = 659B969E15E8A3BD00A3422B /* Build configuration list for PBXNativeTarget "CKUnretainedTimerDemo" */;
			buildPhases = (
				659B968215E8A3BD00A3422B /* Sources */,
				659B968315E8A3BD00A3422B /* Frameworks */,
				659B968415E8A3BD00A3422B /* Resources */,
			);
			buildRules = (
			);
			dependencies = (
			);
			name = CKUnretainedTimerDemo;
			productName = CKUnretainedTimerDemo;
			productReference = 659B968615E8A3BD00A3422B /* CKUnretainedTimerDemo.app */;
			productType = "com.apple.product-type.application";
		};
/* End PBXNativeTarget section */

/* Begin PBXProject section */
		659B967D15E8A3BD00A3422B /* Project object */ = {
			isa = PBXProject;
			attributes = {
				CLASSPREFIX = CK;
				LastUpgradeCheck = 0440;
				ORGANIZATIONNAME = "Giulio Petek";
			};
			buildConfigurationList = 659B968015E8A3BD00A3422B /* Build configuration list for PBXProject "CKUnretainedTimerDemo" */;
			compatibilityVersion = "Xcode 3.2";
			developmentRegion = English;
			hasScannedForEncodings = 0;
			knownRegions = (
				en,
			);
			mainGroup = 659B967B15E8A3BD00A3422B;
			productRefGroup = 659B968715E8A3BD00A3422B /* Products */;
			projectDirPath = "";
			projectRoot = "";
			targets = (
				659B968515E8A3BD00A3422B /* CKUnretainedTimerDemo */,
			);
		};
/* End PBXProject section */

/* Begin PBXResourcesBuildPhase section */
		659B968415E8A3BD00A3422B /* Resources */ = {
			isa = PBXResourcesBuildPhase;
			buildActionMask = 2147483647;
			files = (
			);
			runOnlyForDeploymentPostprocessing = 0;
		};
/* End PBXResourcesBuildPhase section */

/* Begin PBXSourcesBuildPhase section */
		659B968215E8A3BD00A3422B /* Sources */ = {
			isa = PBXSourcesBuildPhase;
			buildActionMask = 2147483647;
			files = (
				659B969715E8A3BD00A3422B /* main.m in Sources */,
				659B969B15E8A3BD00A3422B /* CKAppDelegate.m in Sources */,
				659B96A715E8A4BC00A3422B /* TestViewController.m in Sources */,
				659B96AB15E8A82C00A3422B /* CKUnretainedTimer.m in Sources */,
			);
			runOnlyForDeploymentPostprocessing = 0;
		};
/* End PBXSourcesBuildPhase section */

/* Begin XCBuildConfiguration section */
		659B969C15E8A3BD00A3422B /* Debug */ = {
			isa = XCBuildConfiguration;
			buildSettings = {
				ALWAYS_SEARCH_USER_PATHS = NO;
				ARCHS = "$(ARCHS_STANDARD_32_BIT)";
				CLANG_CXX_LANGUAGE_STANDARD = "gnu++0x";
				CLANG_ENABLE_OBJC_ARC = YES;
				CLANG_WARN__DUPLICATE_METHOD_MATCH = YES;
				"CODE_SIGN_IDENTITY[sdk=iphoneos*]" = "iPhone Developer";
				COPY_PHASE_STRIP = NO;
				GCC_C_LANGUAGE_STANDARD = gnu99;
				GCC_DYNAMIC_NO_PIC = NO;
				GCC_OPTIMIZATION_LEVEL = 0;
				GCC_PREPROCESSOR_DEFINITIONS = (
					"DEBUG=1",
					"$(inherited)",
				);
				GCC_SYMBOLS_PRIVATE_EXTERN = NO;
				GCC_VERSION = com.apple.compilers.llvm.clang.1_0;
				GCC_WARN_ABOUT_RETURN_TYPE = YES;
				GCC_WARN_UNINITIALIZED_AUTOS = YES;
				GCC_WARN_UNUSED_VARIABLE = YES;
				IPHONEOS_DEPLOYMENT_TARGET = 5.1;
				SDKROOT = iphoneos;
			};
			name = Debug;
		};
		659B969D15E8A3BD00A3422B /* Release */ = {
			isa = XCBuildConfiguration;
			buildSettings = {
				ALWAYS_SEARCH_USER_PATHS = NO;
				ARCHS = "$(ARCHS_STANDARD_32_BIT)";
				CLANG_CXX_LANGUAGE_STANDARD = "gnu++0x";
				CLANG_ENABLE_OBJC_ARC = YES;
				CLANG_WARN__DUPLICATE_METHOD_MATCH = YES;
				"CODE_SIGN_IDENTITY[sdk=iphoneos*]" = "iPhone Developer";
				COPY_PHASE_STRIP = YES;
				GCC_C_LANGUAGE_STANDARD = gnu99;
				GCC_VERSION = com.apple.compilers.llvm.clang.1_0;
				GCC_WARN_ABOUT_RETURN_TYPE = YES;
				GCC_WARN_UNINITIALIZED_AUTOS = YES;
				GCC_WARN_UNUSED_VARIABLE = YES;
				IPHONEOS_DEPLOYMENT_TARGET = 5.1;
				OTHER_CFLAGS = "-DNS_BLOCK_ASSERTIONS=1";
				SDKROOT = iphoneos;
				VALIDATE_PRODUCT = YES;
			};
			name = Release;
		};
		659B969F15E8A3BD00A3422B /* Debug */ = {
			isa = XCBuildConfiguration;
			buildSettings = {
				GCC_PRECOMPILE_PREFIX_HEADER = YES;
				GCC_PREFIX_HEADER = "CKUnretainedTimerDemo/CKUnretainedTimerDemo-Prefix.pch";
				INFOPLIST_FILE = "CKUnretainedTimerDemo/CKUnretainedTimerDemo-Info.plist";
				PRODUCT_NAME = "$(TARGET_NAME)";
				WRAPPER_EXTENSION = app;
			};
			name = Debug;
		};
		659B96A015E8A3BD00A3422B /* Release */ = {
			isa = XCBuildConfiguration;
			buildSettings = {
				GCC_PRECOMPILE_PREFIX_HEADER = YES;
				GCC_PREFIX_HEADER = "CKUnretainedTimerDemo/CKUnretainedTimerDemo-Prefix.pch";
				INFOPLIST_FILE = "CKUnretainedTimerDemo/CKUnretainedTimerDemo-Info.plist";
				PRODUCT_NAME = "$(TARGET_NAME)";
				WRAPPER_EXTENSION = app;
			};
			name = Release;
		};
/* End XCBuildConfiguration section */

/* Begin XCConfigurationList section */
		659B968015E8A3BD00A3422B /* Build configuration list for PBXProject "CKUnretainedTimerDemo" */ = {
			isa = XCConfigurationList;
			buildConfigurations = (
				659B969C15E8A3BD00A3422B /* Debug */,
				659B969D15E8A3BD00A3422B /* Release */,
			);
			defaultConfigurationIsVisible = 0;
			defaultConfigurationName = Release;
		};
		659B969E15E8A3BD00A3422B /* Build configuration list for PBXNativeTarget "CKUnretainedTimerDemo" */ = {
			isa = XCConfigurationList;
			buildConfigurations = (
				659B969F15E8A3BD00A3422B /* Debug */,
				659B96A015E8A3BD00A3422B /* Release */,
			);
			defaultConfigurationIsVisible = 0;
		};
/* End XCConfigurationList section */
	};
	rootObject = 659B967D15E8A3BD00A3422B /* Project object */;
}
